
Microsoft Visual Studio Solution File, Format Version 12.00
# Visual Studio Version 17
VisualStudioVersion = 17.10.35013.160
MinimumVisualStudioVersion = 10.0.40219.1
Project("{FAE04EC0-301F-11D3-BF4B-00C04F79EFBC}") = "NatUp.Paco.API", "NatUp.Paco.API\NatUp.Paco.API.csproj", "{9FE15674-DCE1-4334-89B6-ADEDB00D5854}"
EndProject
Project("{FAE04EC0-301F-11D3-BF4B-00C04F79EFBC}") = "NatUp.Paco.Core", "NatUp.Paco.Core\NatUp.Paco.Core.csproj", "{EC797589-2BF2-400A-8CB5-3B952B06D52B}"
EndProject
Project("{FAE04EC0-301F-11D3-BF4B-00C04F79EFBC}") = "NatUp.Paco.Infrastructure", "NatUp.Paco.Infrastructure\NatUp.Paco.Infrastructure.csproj", "{8C438287-D15B-414A-BC65-659F0B5579BD}"
EndProject
Global
	GlobalSection(SolutionConfigurationPlatforms) = preSolution
		Debug|Any CPU = Debug|Any CPU
		Release|Any CPU = Release|Any CPU
	EndGlobalSection
	GlobalSection(ProjectConfigurationPlatforms) = postSolution
		{9FE15674-DCE1-4334-89B6-ADEDB00D5854}.Debug|Any CPU.ActiveCfg = Debug|Any CPU
		{9FE15674-DCE1-4334-89B6-ADEDB00D5854}.Debug|Any CPU.Build.0 = Debug|Any CPU
		{9FE15674-DCE1-4334-89B6-ADEDB00D5854}.Release|Any CPU.ActiveCfg = Release|Any CPU
		{9FE15674-DCE1-4334-89B6-ADEDB00D5854}.Release|Any CPU.Build.0 = Release|Any CPU
		{EC797589-2BF2-400A-8CB5-3B952B06D52B}.Debug|Any CPU.ActiveCfg = Debug|Any CPU
		{EC797589-2BF2-400A-8CB5-3B952B06D52B}.Debug|Any CPU.Build.0 = Debug|Any CPU
		{EC797589-2BF2-400A-8CB5-3B952B06D52B}.Release|Any CPU.ActiveCfg = Release|Any CPU
		{EC797589-2BF2-400A-8CB5-3B952B06D52B}.Release|Any CPU.Build.0 = Release|Any CPU
		{8C438287-D15B-414A-BC65-659F0B5579BD}.Debug|Any CPU.ActiveCfg = Debug|Any CPU
		{8C438287-D15B-414A-BC65-659F0B5579BD}.Debug|Any CPU.Build.0 = Debug|Any CPU
		{8C438287-D15B-414A-BC65-659F0B5579BD}.Release|Any CPU.ActiveCfg = Release|Any CPU
		{8C438287-D15B-414A-BC65-659F0B5579BD}.Release|Any CPU.Build.0 = Release|Any CPU
	EndGlobalSection
	GlobalSection(SolutionProperties) = preSolution
		HideSolutionNode = FALSE
	EndGlobalSection
	GlobalSection(ExtensibilityGlobals) = postSolution
		SolutionGuid = {89673661-5D11-4EAC-B75F-4C8085EE5AA3}
	EndGlobalSection
EndGlobal
